// !$*UTF8*$!
{
	archiveVersion = 1;
	classes = {
	};
	objectVersion = 50;
	objects = {

/* Begin PBXBuildFile section */
		2574DFBD213F55E800D87F60 /* AppDelegate.swift in Sources */ = {isa = PBXBuildFile; fileRef = 2574DFBC213F55E800D87F60 /* AppDelegate.swift */; };
		2574DFBF213F55EB00D87F60 /* Assets.xcassets in Resources */ = {isa = PBXBuildFile; fileRef = 2574DFBE213F55EB00D87F60 /* Assets.xcassets */; };
		2574DFC2213F55EB00D87F60 /* MainMenu.xib in Resources */ = {isa = PBXBuildFile; fileRef = 2574DFC0213F55EB00D87F60 /* MainMenu.xib */; };
		2574DFCE213F55EB00D87F60 /* TimerTests.swift in Sources */ = {isa = PBXBuildFile; fileRef = 2574DFCD213F55EB00D87F60 /* TimerTests.swift */; };
		2574DFD9213F55EB00D87F60 /* TimerUITests.swift in Sources */ = {isa = PBXBuildFile; fileRef = 2574DFD8213F55EB00D87F60 /* TimerUITests.swift */; };
/* End PBXBuildFile section */

/* Begin PBXContainerItemProxy section */
		2574DFCA213F55EB00D87F60 /* PBXContainerItemProxy */ = {
			isa = PBXContainerItemProxy;
			containerPortal = 2574DFB1213F55E800D87F60 /* Project object */;
			proxyType = 1;
			remoteGlobalIDString = 2574DFB8213F55E800D87F60;
			remoteInfo = Timer;
		};
		2574DFD5213F55EB00D87F60 /* PBXContainerItemProxy */ = {
			isa = PBXContainerItemProxy;
			containerPortal = 2574DFB1213F55E800D87F60 /* Project object */;
			proxyType = 1;
			remoteGlobalIDString = 2574DFB8213F55E800D87F60;
			remoteInfo = Timer;
		};
/* End PBXContainerItemProxy section */

/* Begin PBXFileReference section */
		2574DFB9213F55E800D87F60 /* Timer.app */ = {isa = PBXFileReference; explicitFileType = wrapper.application; includeInIndex = 0; path = Timer.app; sourceTree = BUILT_PRODUCTS_DIR; };
		2574DFBC213F55E800D87F60 /* AppDelegate.swift */ = {isa = PBXFileReference; lastKnownFileType = sourcecode.swift; path = AppDelegate.swift; sourceTree = "<group>"; };
		2574DFBE213F55EB00D87F60 /* Assets.xcassets */ = {isa = PBXFileReference; lastKnownFileType = folder.assetcatalog; path = Assets.xcassets; sourceTree = "<group>"; };
		2574DFC1213F55EB00D87F60 /* Base */ = {isa = PBXFileReference; lastKnownFileType = file.xib; name = Base; path = Base.lproj/MainMenu.xib; sourceTree = "<group>"; };
		2574DFC3213F55EB00D87F60 /* Info.plist */ = {isa = PBXFileReference; lastKnownFileType = text.plist.xml; path = Info.plist; sourceTree = "<group>"; };
		2574DFC4213F55EB00D87F60 /* Timer.entitlements */ = {isa = PBXFileReference; lastKnownFileType = text.plist.entitlements; path = Timer.entitlements; sourceTree = "<group>"; };
		2574DFC9213F55EB00D87F60 /* TimerTests.xctest */ = {isa = PBXFileReference; explicitFileType = wrapper.cfbundle; includeInIndex = 0; path = TimerTests.xctest; sourceTree = BUILT_PRODUCTS_DIR; };
		2574DFCD213F55EB00D87F60 /* TimerTests.swift */ = {isa = PBXFileReference; lastKnownFileType = sourcecode.swift; path = TimerTests.swift; sourceTree = "<group>"; };
		2574DFCF213F55EB00D87F60 /* Info.plist */ = {isa = PBXFileReference; lastKnownFileType = text.plist.xml; path = Info.plist; sourceTree = "<group>"; };
		2574DFD4213F55EB00D87F60 /* TimerUITests.xctest */ = {isa = PBXFileReference; explicitFileType = wrapper.cfbundle; includeInIndex = 0; path = TimerUITests.xctest; sourceTree = BUILT_PRODUCTS_DIR; };
		2574DFD8213F55EB00D87F60 /* TimerUITests.swift */ = {isa = PBXFileReference; lastKnownFileType = sourcecode.swift; path = TimerUITests.swift; sourceTree = "<group>"; };
		2574DFDA213F55EB00D87F60 /* Info.plist */ = {isa = PBXFileReference; lastKnownFileType = text.plist.xml; path = Info.plist; sourceTree = "<group>"; };
/* End PBXFileReference section */

/* Begin PBXFrameworksBuildPhase section */
		2574DFB6213F55E800D87F60 /* Frameworks */ = {
			isa = PBXFrameworksBuildPhase;
			buildActionMask = 2147483647;
			files = (
			);
			runOnlyForDeploymentPostprocessing = 0;
		};
		2574DFC6213F55EB00D87F60 /* Frameworks */ = {
			isa = PBXFrameworksBuildPhase;
			buildActionMask = 2147483647;
			files = (
			);
			runOnlyForDeploymentPostprocessing = 0;
		};
		2574DFD1213F55EB00D87F60 /* Frameworks */ = {
			isa = PBXFrameworksBuildPhase;
			buildActionMask = 2147483647;
			files = (
			);
			runOnlyForDeploymentPostprocessing = 0;
		};
/* End PBXFrameworksBuildPhase section */

/* Begin PBXGroup section */
		2574DFB0213F55E800D87F60 = {
			isa = PBXGroup;
			children = (
				2574DFBB213F55E800D87F60 /* Timer */,
				2574DFCC213F55EB00D87F60 /* TimerTests */,
				2574DFD7213F55EB00D87F60 /* TimerUITests */,
				2574DFBA213F55E800D87F60 /* Products */,
			);
			sourceTree = "<group>";
		};
		2574DFBA213F55E800D87F60 /* Products */ = {
			isa = PBXGroup;
			children = (
				2574DFB9213F55E800D87F60 /* Timer.app */,
				2574DFC9213F55EB00D87F60 /* TimerTests.xctest */,
				2574DFD4213F55EB00D87F60 /* TimerUITests.xctest */,
			);
			name = Products;
			sourceTree = "<group>";
		};
		2574DFBB213F55E800D87F60 /* Timer */ = {
			isa = PBXGroup;
			children = (
				2574DFBC213F55E800D87F60 /* AppDelegate.swift */,
				2574DFBE213F55EB00D87F60 /* Assets.xcassets */,
				2574DFC0213F55EB00D87F60 /* MainMenu.xib */,
				2574DFC3213F55EB00D87F60 /* Info.plist */,
				2574DFC4213F55EB00D87F60 /* Timer.entitlements */,
			);
			path = Timer;
			sourceTree = "<group>";
		};
		2574DFCC213F55EB00D87F60 /* TimerTests */ = {
			isa = PBXGroup;
			children = (
				2574DFCD213F55EB00D87F60 /* TimerTests.swift */,
				2574DFCF213F55EB00D87F60 /* Info.plist */,
			);
			path = TimerTests;
			sourceTree = "<group>";
		};
		2574DFD7213F55EB00D87F60 /* TimerUITests */ = {
			isa = PBXGroup;
			children = (
				2574DFD8213F55EB00D87F60 /* TimerUITests.swift */,
				2574DFDA213F55EB00D87F60 /* Info.plist */,
			);
			path = TimerUITests;
			sourceTree = "<group>";
		};
/* End PBXGroup section */

/* Begin PBXNativeTarget section */
		2574DFB8213F55E800D87F60 /* Timer */ = {
			isa = PBXNativeTarget;
			buildConfigurationList = 2574DFDD213F55EB00D87F60 /* Build configuration list for PBXNativeTarget "Timer" */;
			buildPhases = (
				2574DFB5213F55E800D87F60 /* Sources */,
				2574DFB6213F55E800D87F60 /* Frameworks */,
				2574DFB7213F55E800D87F60 /* Resources */,
			);
			buildRules = (
			);
			dependencies = (
			);
			name = Timer;
			productName = Timer;
			productReference = 2574DFB9213F55E800D87F60 /* Timer.app */;
			productType = "com.apple.product-type.application";
		};
		2574DFC8213F55EB00D87F60 /* TimerTests */ = {
			isa = PBXNativeTarget;
			buildConfigurationList = 2574DFE0213F55EB00D87F60 /* Build configuration list for PBXNativeTarget "TimerTests" */;
			buildPhases = (
				2574DFC5213F55EB00D87F60 /* Sources */,
				2574DFC6213F55EB00D87F60 /* Frameworks */,
				2574DFC7213F55EB00D87F60 /* Resources */,
			);
			buildRules = (
			);
			dependencies = (
				2574DFCB213F55EB00D87F60 /* PBXTargetDependency */,
			);
			name = TimerTests;
			productName = TimerTests;
			productReference = 2574DFC9213F55EB00D87F60 /* TimerTests.xctest */;
			productType = "com.apple.product-type.bundle.unit-test";
		};
		2574DFD3213F55EB00D87F60 /* TimerUITests */ = {
			isa = PBXNativeTarget;
			buildConfigurationList = 2574DFE3213F55EB00D87F60 /* Build configuration list for PBXNativeTarget "TimerUITests" */;
			buildPhases = (
				2574DFD0213F55EB00D87F60 /* Sources */,
				2574DFD1213F55EB00D87F60 /* Frameworks */,
				2574DFD2213F55EB00D87F60 /* Resources */,
			);
			buildRules = (
			);
			dependencies = (
				2574DFD6213F55EB00D87F60 /* PBXTargetDependency */,
			);
			name = TimerUITests;
			productName = TimerUITests;
			productReference = 2574DFD4213F55EB00D87F60 /* TimerUITests.xctest */;
			productType = "com.apple.product-type.bundle.ui-testing";
		};
/* End PBXNativeTarget section */

/* Begin PBXProject section */
		2574DFB1213F55E800D87F60 /* Project object */ = {
			isa = PBXProject;
			attributes = {
				LastSwiftUpdateCheck = 0940;
				LastUpgradeCheck = 0940;
				ORGANIZATIONNAME = "Sweta Kumari";
				TargetAttributes = {
					2574DFB8213F55E800D87F60 = {
						CreatedOnToolsVersion = 9.4.1;
					};
					2574DFC8213F55EB00D87F60 = {
						CreatedOnToolsVersion = 9.4.1;
						TestTargetID = 2574DFB8213F55E800D87F60;
					};
					2574DFD3213F55EB00D87F60 = {
						CreatedOnToolsVersion = 9.4.1;
						TestTargetID = 2574DFB8213F55E800D87F60;
					};
				};
			};
			buildConfigurationList = 2574DFB4213F55E800D87F60 /* Build configuration list for PBXProject "Timer" */;
			compatibilityVersion = "Xcode 9.3";
			developmentRegion = en;
			hasScannedForEncodings = 0;
			knownRegions = (
				en,
				Base,
			);
			mainGroup = 2574DFB0213F55E800D87F60;
			productRefGroup = 2574DFBA213F55E800D87F60 /* Products */;
			projectDirPath = "";
			projectRoot = "";
			targets = (
				2574DFB8213F55E800D87F60 /* Timer */,
				2574DFC8213F55EB00D87F60 /* TimerTests */,
				2574DFD3213F55EB00D87F60 /* TimerUITests */,
			);
		};
/* End PBXProject section */

/* Begin PBXResourcesBuildPhase section */
		2574DFB7213F55E800D87F60 /* Resources */ = {
			isa = PBXResourcesBuildPhase;
			buildActionMask = 2147483647;
			files = (
				2574DFBF213F55EB00D87F60 /* Assets.xcassets in Resources */,
				2574DFC2213F55EB00D87F60 /* MainMenu.xib in Resources */,
			);
			runOnlyForDeploymentPostprocessing = 0;
		};
		2574DFC7213F55EB00D87F60 /* Resources */ = {
			isa = PBXResourcesBuildPhase;
			buildActionMask = 2147483647;
			files = (
			);
			runOnlyForDeploymentPostprocessing = 0;
		};
		2574DFD2213F55EB00D87F60 /* Resources */ = {
			isa = PBXResourcesBuildPhase;
			buildActionMask = 2147483647;
			files = (
			);
			runOnlyForDeploymentPostprocessing = 0;
		};
/* End PBXResourcesBuildPhase section */

/* Begin PBXSourcesBuildPhase section */
		2574DFB5213F55E800D87F60 /* Sources */ = {
			isa = PBXSourcesBuildPhase;
			buildActionMask = 2147483647;
			files = (
				2574DFBD213F55E800D87F60 /* AppDelegate.swift in Sources */,
			);
			runOnlyForDeploymentPostprocessing = 0;
		};
		2574DFC5213F55EB00D87F60 /* Sources */ = {
			isa = PBXSourcesBuildPhase;
			buildActionMask = 2147483647;
			files = (
				2574DFCE213F55EB00D87F60 /* TimerTests.swift in Sources */,
			);
			runOnlyForDeploymentPostprocessing = 0;
		};
		2574DFD0213F55EB00D87F60 /* Sources */ = {
			isa = PBXSourcesBuildPhase;
			buildActionMask = 2147483647;
			files = (
				2574DFD9213F55EB00D87F60 /* TimerUITests.swift in Sources */,
			);
			runOnlyForDeploymentPostprocessing = 0;
		};
/* End PBXSourcesBuildPhase section */

/* Begin PBXTargetDependency section */
		2574DFCB213F55EB00D87F60 /* PBXTargetDependency */ = {
			isa = PBXTargetDependency;
			target = 2574DFB8213F55E800D87F60 /* Timer */;
			targetProxy = 2574DFCA213F55EB00D87F60 /* PBXContainerItemProxy */;
		};
		2574DFD6213F55EB00D87F60 /* PBXTargetDependency */ = {
			isa = PBXTargetDependency;
			target = 2574DFB8213F55E800D87F60 /* Timer */;
			targetProxy = 2574DFD5213F55EB00D87F60 /* PBXContainerItemProxy */;
		};
/* End PBXTargetDependency section */

/* Begin PBXVariantGroup section */
		2574DFC0213F55EB00D87F60 /* MainMenu.xib */ = {
			isa = PBXVariantGroup;
			children = (
				2574DFC1213F55EB00D87F60 /* Base */,
			);
			name = MainMenu.xib;
			sourceTree = "<group>";
		};
/* End PBXVariantGroup section */

/* Begin XCBuildConfiguration section */
		2574DFDB213F55EB00D87F60 /* Debug */ = {
			isa = XCBuildConfiguration;
			buildSettings = {
				ALWAYS_SEARCH_USER_PATHS = NO;
				CLANG_ANALYZER_NONNULL = YES;
				CLANG_ANALYZER_NUMBER_OBJECT_CONVERSION = YES_AGGRESSIVE;
				CLANG_CXX_LANGUAGE_STANDARD = "gnu++14";
				CLANG_CXX_LIBRARY = "libc++";
				CLANG_ENABLE_MODULES = YES;
				CLANG_ENABLE_OBJC_ARC = YES;
				CLANG_ENABLE_OBJC_WEAK = YES;
				CLANG_WARN_BLOCK_CAPTURE_AUTORELEASING = YES;
				CLANG_WARN_BOOL_CONVERSION = YES;
				CLANG_WARN_COMMA = YES;
				CLANG_WARN_CONSTANT_CONVERSION = YES;
				CLANG_WARN_DEPRECATED_OBJC_IMPLEMENTATIONS = YES;
				CLANG_WARN_DIRECT_OBJC_ISA_USAGE = YES_ERROR;
				CLANG_WARN_DOCUMENTATION_COMMENTS = YES;
				CLANG_WARN_EMPTY_BODY = YES;
				CLANG_WARN_ENUM_CONVERSION = YES;
				CLANG_WARN_INFINITE_RECURSION = YES;
				CLANG_WARN_INT_CONVERSION = YES;
				CLANG_WARN_NON_LITERAL_NULL_CONVERSION = YES;
				CLANG_WARN_OBJC_IMPLICIT_RETAIN_SELF = YES;
				CLANG_WARN_OBJC_LITERAL_CONVERSION = YES;
				CLANG_WARN_OBJC_ROOT_CLASS = YES_ERROR;
				CLANG_WARN_RANGE_LOOP_ANALYSIS = YES;
				CLANG_WARN_STRICT_PROTOTYPES = YES;
				CLANG_WARN_SUSPICIOUS_MOVE = YES;
				CLANG_WARN_UNGUARDED_AVAILABILITY = YES_AGGRESSIVE;
				CLANG_WARN_UNREACHABLE_CODE = YES;
				CLANG_WARN__DUPLICATE_METHOD_MATCH = YES;
				CODE_SIGN_IDENTITY = "-";
				COPY_PHASE_STRIP = NO;
				DEBUG_INFORMATION_FORMAT = dwarf;
				ENABLE_STRICT_OBJC_MSGSEND = YES;
				ENABLE_TESTABILITY = YES;
				GCC_C_LANGUAGE_STANDARD = gnu11;
				GCC_DYNAMIC_NO_PIC = NO;
				GCC_NO_COMMON_BLOCKS = YES;
				GCC_OPTIMIZATION_LEVEL = 0;
				GCC_PREPROCESSOR_DEFINITIONS = (
					"DEBUG=1",
					"$(inherited)",
				);
				GCC_WARN_64_TO_32_BIT_CONVERSION = YES;
				GCC_WARN_ABOUT_RETURN_TYPE = YES_ERROR;
				GCC_WARN_UNDECLARED_SELECTOR = YES;
				GCC_WARN_UNINITIALIZED_AUTOS = YES_AGGRESSIVE;
				GCC_WARN_UNUSED_FUNCTION = YES;
				GCC_WARN_UNUSED_VARIABLE = YES;
				MACOSX_DEPLOYMENT_TARGET = 10.13;
				MTL_ENABLE_DEBUG_INFO = YES;
				ONLY_ACTIVE_ARCH = YES;
				SDKROOT = macosx;
				SWIFT_ACTIVE_COMPILATION_CONDITIONS = DEBUG;
				SWIFT_OPTIMIZATION_LEVEL = "-Onone";
			};
			name = Debug;
		};
		2574DFDC213F55EB00D87F60 /* Release */ = {
			isa = XCBuildConfiguration;
			buildSettings = {
				ALWAYS_SEARCH_USER_PATHS = NO;
				CLANG_ANALYZER_NONNULL = YES;
				CLANG_ANALYZER_NUMBER_OBJECT_CONVERSION = YES_AGGRESSIVE;
				CLANG_CXX_LANGUAGE_STANDARD = "gnu++14";
				CLANG_CXX_LIBRARY = "libc++";
				CLANG_ENABLE_MODULES = YES;
				CLANG_ENABLE_OBJC_ARC = YES;
				CLANG_ENABLE_OBJC_WEAK = YES;
				CLANG_WARN_BLOCK_CAPTURE_AUTORELEASING = YES;
				CLANG_WARN_BOOL_CONVERSION = YES;
				CLANG_WARN_COMMA = YES;
				CLANG_WARN_CONSTANT_CONVERSION = YES;
				CLANG_WARN_DEPRECATED_OBJC_IMPLEMENTATIONS = YES;
				CLANG_WARN_DIRECT_OBJC_ISA_USAGE = YES_ERROR;
				CLANG_WARN_DOCUMENTATION_COMMENTS = YES;
				CLANG_WARN_EMPTY_BODY = YES;
				CLANG_WARN_ENUM_CONVERSION = YES;
				CLANG_WARN_INFINITE_RECURSION = YES;
				CLANG_WARN_INT_CONVERSION = YES;
				CLANG_WARN_NON_LITERAL_NULL_CONVERSION = YES;
				CLANG_WARN_OBJC_IMPLICIT_RETAIN_SELF = YES;
				CLANG_WARN_OBJC_LITERAL_CONVERSION = YES;
				CLANG_WARN_OBJC_ROOT_CLASS = YES_ERROR;
				CLANG_WARN_RANGE_LOOP_ANALYSIS = YES;
				CLANG_WARN_STRICT_PROTOTYPES = YES;
				CLANG_WARN_SUSPICIOUS_MOVE = YES;
				CLANG_WARN_UNGUARDED_AVAILABILITY = YES_AGGRESSIVE;
				CLANG_WARN_UNREACHABLE_CODE = YES;
				CLANG_WARN__DUPLICATE_METHOD_MATCH = YES;
				CODE_SIGN_IDENTITY = "-";
				COPY_PHASE_STRIP = NO;
				DEBUG_INFORMATION_FORMAT = "dwarf-with-dsym";
				ENABLE_NS_ASSERTIONS = NO;
				ENABLE_STRICT_OBJC_MSGSEND = YES;
				GCC_C_LANGUAGE_STANDARD = gnu11;
				GCC_NO_COMMON_BLOCKS = YES;
				GCC_WARN_64_TO_32_BIT_CONVERSION = YES;
				GCC_WARN_ABOUT_RETURN_TYPE = YES_ERROR;
				GCC_WARN_UNDECLARED_SELECTOR = YES;
				GCC_WARN_UNINITIALIZED_AUTOS = YES_AGGRESSIVE;
				GCC_WARN_UNUSED_FUNCTION = YES;
				GCC_WARN_UNUSED_VARIABLE = YES;
				MACOSX_DEPLOYMENT_TARGET = 10.13;
				MTL_ENABLE_DEBUG_INFO = NO;
				SDKROOT = macosx;
				SWIFT_COMPILATION_MODE = wholemodule;
				SWIFT_OPTIMIZATION_LEVEL = "-O";
			};
			name = Release;
		};
		2574DFDE213F55EB00D87F60 /* Debug */ = {
			isa = XCBuildConfiguration;
			buildSettings = {
				ASSETCATALOG_COMPILER_APPICON_NAME = AppIcon;
				CODE_SIGN_ENTITLEMENTS = Timer/Timer.entitlements;
				CODE_SIGN_STYLE = Automatic;
				COMBINE_HIDPI_IMAGES = YES;
				INFOPLIST_FILE = Timer/Info.plist;
				LD_RUNPATH_SEARCH_PATHS = (
					"$(inherited)",
					"@executable_path/../Frameworks",
				);
				PRODUCT_BUNDLE_IDENTIFIER = cosc346.Timer;
				PRODUCT_NAME = "$(TARGET_NAME)";
				SWIFT_VERSION = 4.0;
			};
			name = Debug;
		};
		2574DFDF213F55EB00D87F60 /* Release */ = {
			isa = XCBuildConfiguration;
			buildSettings = {
				ASSETCATALOG_COMPILER_APPICON_NAME = AppIcon;
				CODE_SIGN_ENTITLEMENTS = Timer/Timer.entitlements;
				CODE_SIGN_STYLE = Automatic;
				COMBINE_HIDPI_IMAGES = YES;
				INFOPLIST_FILE = Timer/Info.plist;
				LD_RUNPATH_SEARCH_PATHS = (
					"$(inherited)",
					"@executable_path/../Frameworks",
				);
				PRODUCT_BUNDLE_IDENTIFIER = cosc346.Timer;
				PRODUCT_NAME = "$(TARGET_NAME)";
				SWIFT_VERSION = 4.0;
			};
			name = Release;
		};
		2574DFE1213F55EB00D87F60 /* Debug */ = {
			isa = XCBuildConfiguration;
			buildSettings = {
				ALWAYS_EMBED_SWIFT_STANDARD_LIBRARIES = YES;
				BUNDLE_LOADER = "$(TEST_HOST)";
				CODE_SIGN_STYLE = Automatic;
				COMBINE_HIDPI_IMAGES = YES;
				INFOPLIST_FILE = TimerTests/Info.plist;
				LD_RUNPATH_SEARCH_PATHS = (
					"$(inherited)",
					"@executable_path/../Frameworks",
					"@loader_path/../Frameworks",
				);
				PRODUCT_BUNDLE_IDENTIFIER = cosc346.TimerTests;
				PRODUCT_NAME = "$(TARGET_NAME)";
				SWIFT_VERSION = 4.0;
				TEST_HOST = "$(BUILT_PRODUCTS_DIR)/Timer.app/Contents/MacOS/Timer";
			};
			name = Debug;
		};
		2574DFE2213F55EB00D87F60 /* Release */ = {
			isa = XCBuildConfiguration;
			buildSettings = {
				ALWAYS_EMBED_SWIFT_STANDARD_LIBRARIES = YES;
				BUNDLE_LOADER = "$(TEST_HOST)";
				CODE_SIGN_STYLE = Automatic;
				COMBINE_HIDPI_IMAGES = YES;
				INFOPLIST_FILE = TimerTests/Info.plist;
				LD_RUNPATH_SEARCH_PATHS = (
					"$(inherited)",
					"@executable_path/../Frameworks",
					"@loader_path/../Frameworks",
				);
				PRODUCT_BUNDLE_IDENTIFIER = cosc346.TimerTests;
				PRODUCT_NAME = "$(TARGET_NAME)";
				SWIFT_VERSION = 4.0;
				TEST_HOST = "$(BUILT_PRODUCTS_DIR)/Timer.app/Contents/MacOS/Timer";
			};
			name = Release;
		};
		2574DFE4213F55EB00D87F60 /* Debug */ = {
			isa = XCBuildConfiguration;
			buildSettings = {
				ALWAYS_EMBED_SWIFT_STANDARD_LIBRARIES = YES;
				CODE_SIGN_STYLE = Automatic;
				COMBINE_HIDPI_IMAGES = YES;
				INFOPLIST_FILE = TimerUITests/Info.plist;
				LD_RUNPATH_SEARCH_PATHS = (
					"$(inherited)",
					"@executable_path/../Frameworks",
					"@loader_path/../Frameworks",
				);
				PRODUCT_BUNDLE_IDENTIFIER = cosc346.TimerUITests;
				PRODUCT_NAME = "$(TARGET_NAME)";
				SWIFT_VERSION = 4.0;
				TEST_TARGET_NAME = Timer;
			};
			name = Debug;
		};
		2574DFE5213F55EB00D87F60 /* Release */ = {
			isa = XCBuildConfiguration;
			buildSettings = {
				ALWAYS_EMBED_SWIFT_STANDARD_LIBRARIES = YES;
				CODE_SIGN_STYLE = Automatic;
				COMBINE_HIDPI_IMAGES = YES;
				INFOPLIST_FILE = TimerUITests/Info.plist;
				LD_RUNPATH_SEARCH_PATHS = (
					"$(inherited)",
					"@executable_path/../Frameworks",
					"@loader_path/../Frameworks",
				);
				PRODUCT_BUNDLE_IDENTIFIER = cosc346.TimerUITests;
				PRODUCT_NAME = "$(TARGET_NAME)";
				SWIFT_VERSION = 4.0;
				TEST_TARGET_NAME = Timer;
			};
			name = Release;
		};
/* End XCBuildConfiguration section */

/* Begin XCConfigurationList section */
		2574DFB4213F55E800D87F60 /* Build configuration list for PBXProject "Timer" */ = {
			isa = XCConfigurationList;
			buildConfigurations = (
				2574DFDB213F55EB00D87F60 /* Debug */,
				2574DFDC213F55EB00D87F60 /* Release */,
			);
			defaultConfigurationIsVisible = 0;
			defaultConfigurationName = Release;
		};
		2574DFDD213F55EB00D87F60 /* Build configuration list for PBXNativeTarget "Timer" */ = {
			isa = XCConfigurationList;
			buildConfigurations = (
				2574DFDE213F55EB00D87F60 /* Debug */,
				2574DFDF213F55EB00D87F60 /* Release */,
			);
			defaultConfigurationIsVisible = 0;
			defaultConfigurationName = Release;
		};
		2574DFE0213F55EB00D87F60 /* Build configuration list for PBXNativeTarget "TimerTests" */ = {
			isa = XCConfigurationList;
			buildConfigurations = (
				2574DFE1213F55EB00D87F60 /* Debug */,
				2574DFE2213F55EB00D87F60 /* Release */,
			);
			defaultConfigurationIsVisible = 0;
			defaultConfigurationName = Release;
		};
		2574DFE3213F55EB00D87F60 /* Build configuration list for PBXNativeTarget "TimerUITests" */ = {
			isa = XCConfigurationList;
			buildConfigurations = (
				2574DFE4213F55EB00D87F60 /* Debug */,
				2574DFE5213F55EB00D87F60 /* Release */,
			);
			defaultConfigurationIsVisible = 0;
			defaultConfigurationName = Release;
		};
/* End XCConfigurationList section */
	};
	rootObject = 2574DFB1213F55E800D87F60 /* Project object */;
}
